{
	"name": "com.esotericsoftware.spine.spine-unity",
	"version": "3.8.0",
	"lockfileVersion": 3,
	"requires": true,
	"packages": {
		"": {
			"name": "com.esotericsoftware.spine.spine-unity",
			"version": "3.8.0",
			"dependencies": {
				"com.esotericsoftware.spine.spine-unity": "file:"
			}
		},
		"node_modules/com.esotericsoftware.spine.spine-unity": {
			"resolved": "",
			"link": true
		}
	}
}
